
Microsoft Visual Studio Solution File, Format Version 12.00
# Visual Studio 15
VisualStudioVersion = 15.0.26127.0
MinimumVisualStudioVersion = 10.0.40219.1
Project("{2150E333-8FDC-42A3-9474-1A3956D46DE8}") = "Services src", "Services src", "{96C4B6A3-C431-4282-B8BE-2DBBB2457ABF}"
EndProject
Project("{151D2E53-A2C4-4D7D-83FE-D05416EBD58E}") = "BikeSharing.Services.Deploy", "src\BikeSharing.Services.Deploy\BikeSharing.Services.Deploy.deployproj", "{9E41B1DB-310C-42B7-9400-D1CB43FA1399}"
EndProject
Project("{9092AA53-FB77-4645-B42D-1CCCA6BD08BD}") = "BikeSharing.Services.Rides", "src\BikeSharing.Services.Rides\BikeSharing.Services.Rides.njsproj", "{E860804D-B1EF-418F-B7FF-77426DED9329}"
EndProject
Project("{9A19103F-16F7-4668-BE54-9A1E7A4F7556}") = "BikeSharing.Services.Core", "src\BikeSharing.Services.Core\BikeSharing.Services.Core.csproj", "{6365851C-02CC-4073-B5F5-7BF2649BAFD5}"
EndProject
Project("{9A19103F-16F7-4668-BE54-9A1E7A4F7556}") = "BikeSharing.Services.Events", "src\BikeSharing.Services.Events\BikeSharing.Services.Events.csproj", "{FBA2F888-8A0B-4F6A-A6A0-C0BEFA3CC43B}"
EndProject
Project("{9A19103F-16F7-4668-BE54-9A1E7A4F7556}") = "BikeSharing.Services.Events.Models", "src\BikeSharing.Services.Events.Models\BikeSharing.Services.Events.Models.csproj", "{B91EF790-613E-432C-9995-D7090A2E2070}"
EndProject
Project("{9A19103F-16F7-4668-BE54-9A1E7A4F7556}") = "BikeSharing.Services.Feedback", "src\BikeSharing.Services.Feedback\BikeSharing.Services.Feedback.csproj", "{515D122A-2FCB-406E-BFA8-1B9A442EACE2}"
EndProject
Project("{9A19103F-16F7-4668-BE54-9A1E7A4F7556}") = "BikeSharing.Services.Profiles", "src\BikeSharing.Services.Profiles\BikeSharing.Services.Profiles.csproj", "{012ACEB1-1F86-4578-86A2-B6741334464A}"
EndProject
Project("{9A19103F-16F7-4668-BE54-9A1E7A4F7556}") = "BikeSharing.Services.Profiles.Models", "src\BikeSharing.Services.Profiles.Models\BikeSharing.Services.Profiles.Models.csproj", "{8C3E000A-7C1E-4380-BB66-FD126BD2C378}"
EndProject
Project("{9A19103F-16F7-4668-BE54-9A1E7A4F7556}") = "BikeSharing.Services.Security", "src\BikeSharing.Services.Security\BikeSharing.Services.Security.csproj", "{EC594720-7A36-4449-9BBA-602A82F87B14}"
EndProject
Global
	GlobalSection(SolutionConfigurationPlatforms) = preSolution
		Debug|Any CPU = Debug|Any CPU
		Debug|x64 = Debug|x64
		Debug|x86 = Debug|x86
		Release|Any CPU = Release|Any CPU
		Release|x64 = Release|x64
		Release|x86 = Release|x86
	EndGlobalSection
	GlobalSection(ProjectConfigurationPlatforms) = postSolution
		{9E41B1DB-310C-42B7-9400-D1CB43FA1399}.Debug|Any CPU.ActiveCfg = Debug|Any CPU
		{9E41B1DB-310C-42B7-9400-D1CB43FA1399}.Debug|Any CPU.Build.0 = Debug|Any CPU
		{9E41B1DB-310C-42B7-9400-D1CB43FA1399}.Debug|x64.ActiveCfg = Debug|Any CPU
		{9E41B1DB-310C-42B7-9400-D1CB43FA1399}.Debug|x64.Build.0 = Debug|Any CPU
		{9E41B1DB-310C-42B7-9400-D1CB43FA1399}.Debug|x86.ActiveCfg = Debug|Any CPU
		{9E41B1DB-310C-42B7-9400-D1CB43FA1399}.Debug|x86.Build.0 = Debug|Any CPU
		{9E41B1DB-310C-42B7-9400-D1CB43FA1399}.Release|Any CPU.ActiveCfg = Release|Any CPU
		{9E41B1DB-310C-42B7-9400-D1CB43FA1399}.Release|Any CPU.Build.0 = Release|Any CPU
		{9E41B1DB-310C-42B7-9400-D1CB43FA1399}.Release|x64.ActiveCfg = Release|Any CPU
		{9E41B1DB-310C-42B7-9400-D1CB43FA1399}.Release|x64.Build.0 = Release|Any CPU
		{9E41B1DB-310C-42B7-9400-D1CB43FA1399}.Release|x86.ActiveCfg = Release|Any CPU
		{9E41B1DB-310C-42B7-9400-D1CB43FA1399}.Release|x86.Build.0 = Release|Any CPU
		{E860804D-B1EF-418F-B7FF-77426DED9329}.Debug|Any CPU.ActiveCfg = Debug|Any CPU
		{E860804D-B1EF-418F-B7FF-77426DED9329}.Debug|Any CPU.Build.0 = Debug|Any CPU
		{E860804D-B1EF-418F-B7FF-77426DED9329}.Debug|x64.ActiveCfg = Debug|Any CPU
		{E860804D-B1EF-418F-B7FF-77426DED9329}.Debug|x64.Build.0 = Debug|Any CPU
		{E860804D-B1EF-418F-B7FF-77426DED9329}.Debug|x86.ActiveCfg = Debug|Any CPU
		{E860804D-B1EF-418F-B7FF-77426DED9329}.Debug|x86.Build.0 = Debug|Any CPU
		{E860804D-B1EF-418F-B7FF-77426DED9329}.Release|Any CPU.ActiveCfg = Release|Any CPU
		{E860804D-B1EF-418F-B7FF-77426DED9329}.Release|Any CPU.Build.0 = Release|Any CPU
		{E860804D-B1EF-418F-B7FF-77426DED9329}.Release|x64.ActiveCfg = Release|Any CPU
		{E860804D-B1EF-418F-B7FF-77426DED9329}.Release|x64.Build.0 = Release|Any CPU
		{E860804D-B1EF-418F-B7FF-77426DED9329}.Release|x86.ActiveCfg = Release|Any CPU
		{E860804D-B1EF-418F-B7FF-77426DED9329}.Release|x86.Build.0 = Release|Any CPU
		{6365851C-02CC-4073-B5F5-7BF2649BAFD5}.Debug|Any CPU.ActiveCfg = Debug|Any CPU
		{6365851C-02CC-4073-B5F5-7BF2649BAFD5}.Debug|Any CPU.Build.0 = Debug|Any CPU
		{6365851C-02CC-4073-B5F5-7BF2649BAFD5}.Debug|x64.ActiveCfg = Debug|x64
		{6365851C-02CC-4073-B5F5-7BF2649BAFD5}.Debug|x64.Build.0 = Debug|x64
		{6365851C-02CC-4073-B5F5-7BF2649BAFD5}.Debug|x86.ActiveCfg = Debug|x86
		{6365851C-02CC-4073-B5F5-7BF2649BAFD5}.Debug|x86.Build.0 = Debug|x86
		{6365851C-02CC-4073-B5F5-7BF2649BAFD5}.Release|Any CPU.ActiveCfg = Release|Any CPU
		{6365851C-02CC-4073-B5F5-7BF2649BAFD5}.Release|Any CPU.Build.0 = Release|Any CPU
		{6365851C-02CC-4073-B5F5-7BF2649BAFD5}.Release|x64.ActiveCfg = Release|x64
		{6365851C-02CC-4073-B5F5-7BF2649BAFD5}.Release|x64.Build.0 = Release|x64
		{6365851C-02CC-4073-B5F5-7BF2649BAFD5}.Release|x86.ActiveCfg = Release|x86
		{6365851C-02CC-4073-B5F5-7BF2649BAFD5}.Release|x86.Build.0 = Release|x86
		{FBA2F888-8A0B-4F6A-A6A0-C0BEFA3CC43B}.Debug|Any CPU.ActiveCfg = Debug|Any CPU
		{FBA2F888-8A0B-4F6A-A6A0-C0BEFA3CC43B}.Debug|Any CPU.Build.0 = Debug|Any CPU
		{FBA2F888-8A0B-4F6A-A6A0-C0BEFA3CC43B}.Debug|x64.ActiveCfg = Debug|x64
		{FBA2F888-8A0B-4F6A-A6A0-C0BEFA3CC43B}.Debug|x64.Build.0 = Debug|x64
		{FBA2F888-8A0B-4F6A-A6A0-C0BEFA3CC43B}.Debug|x86.ActiveCfg = Debug|x86
		{FBA2F888-8A0B-4F6A-A6A0-C0BEFA3CC43B}.Debug|x86.Build.0 = Debug|x86
		{FBA2F888-8A0B-4F6A-A6A0-C0BEFA3CC43B}.Release|Any CPU.ActiveCfg = Release|Any CPU
		{FBA2F888-8A0B-4F6A-A6A0-C0BEFA3CC43B}.Release|Any CPU.Build.0 = Release|Any CPU
		{FBA2F888-8A0B-4F6A-A6A0-C0BEFA3CC43B}.Release|x64.ActiveCfg = Release|x64
		{FBA2F888-8A0B-4F6A-A6A0-C0BEFA3CC43B}.Release|x64.Build.0 = Release|x64
		{FBA2F888-8A0B-4F6A-A6A0-C0BEFA3CC43B}.Release|x86.ActiveCfg = Release|x86
		{FBA2F888-8A0B-4F6A-A6A0-C0BEFA3CC43B}.Release|x86.Build.0 = Release|x86
		{B91EF790-613E-432C-9995-D7090A2E2070}.Debug|Any CPU.ActiveCfg = Debug|Any CPU
		{B91EF790-613E-432C-9995-D7090A2E2070}.Debug|Any CPU.Build.0 = Debug|Any CPU
		{B91EF790-613E-432C-9995-D7090A2E2070}.Debug|x64.ActiveCfg = Debug|x64
		{B91EF790-613E-432C-9995-D7090A2E2070}.Debug|x64.Build.0 = Debug|x64
		{B91EF790-613E-432C-9995-D7090A2E2070}.Debug|x86.ActiveCfg = Debug|x86
		{B91EF790-613E-432C-9995-D7090A2E2070}.Debug|x86.Build.0 = Debug|x86
		{B91EF790-613E-432C-9995-D7090A2E2070}.Release|Any CPU.ActiveCfg = Release|Any CPU
		{B91EF790-613E-432C-9995-D7090A2E2070}.Release|Any CPU.Build.0 = Release|Any CPU
		{B91EF790-613E-432C-9995-D7090A2E2070}.Release|x64.ActiveCfg = Release|x64
		{B91EF790-613E-432C-9995-D7090A2E2070}.Release|x64.Build.0 = Release|x64
		{B91EF790-613E-432C-9995-D7090A2E2070}.Release|x86.ActiveCfg = Release|x86
		{B91EF790-613E-432C-9995-D7090A2E2070}.Release|x86.Build.0 = Release|x86
		{515D122A-2FCB-406E-BFA8-1B9A442EACE2}.Debug|Any CPU.ActiveCfg = Debug|Any CPU
		{515D122A-2FCB-406E-BFA8-1B9A442EACE2}.Debug|Any CPU.Build.0 = Debug|Any CPU
		{515D122A-2FCB-406E-BFA8-1B9A442EACE2}.Debug|x64.ActiveCfg = Debug|x64
		{515D122A-2FCB-406E-BFA8-1B9A442EACE2}.Debug|x64.Build.0 = Debug|x64
		{515D122A-2FCB-406E-BFA8-1B9A442EACE2}.Debug|x86.ActiveCfg = Debug|x86
		{515D122A-2FCB-406E-BFA8-1B9A442EACE2}.Debug|x86.Build.0 = Debug|x86
		{515D122A-2FCB-406E-BFA8-1B9A442EACE2}.Release|Any CPU.ActiveCfg = Release|Any CPU
		{515D122A-2FCB-406E-BFA8-1B9A442EACE2}.Release|Any CPU.Build.0 = Release|Any CPU
		{515D122A-2FCB-406E-BFA8-1B9A442EACE2}.Release|x64.ActiveCfg = Release|x64
		{515D122A-2FCB-406E-BFA8-1B9A442EACE2}.Release|x64.Build.0 = Release|x64
		{515D122A-2FCB-406E-BFA8-1B9A442EACE2}.Release|x86.ActiveCfg = Release|x86
		{515D122A-2FCB-406E-BFA8-1B9A442EACE2}.Release|x86.Build.0 = Release|x86
		{012ACEB1-1F86-4578-86A2-B6741334464A}.Debug|Any CPU.ActiveCfg = Debug|Any CPU
		{012ACEB1-1F86-4578-86A2-B6741334464A}.Debug|Any CPU.Build.0 = Debug|Any CPU
		{012ACEB1-1F86-4578-86A2-B6741334464A}.Debug|x64.ActiveCfg = Debug|x64
		{012ACEB1-1F86-4578-86A2-B6741334464A}.Debug|x64.Build.0 = Debug|x64
		{012ACEB1-1F86-4578-86A2-B6741334464A}.Debug|x86.ActiveCfg = Debug|x86
		{012ACEB1-1F86-4578-86A2-B6741334464A}.Debug|x86.Build.0 = Debug|x86
		{012ACEB1-1F86-4578-86A2-B6741334464A}.Release|Any CPU.ActiveCfg = Release|Any CPU
		{012ACEB1-1F86-4578-86A2-B6741334464A}.Release|Any CPU.Build.0 = Release|Any CPU
		{012ACEB1-1F86-4578-86A2-B6741334464A}.Release|x64.ActiveCfg = Release|x64
		{012ACEB1-1F86-4578-86A2-B6741334464A}.Release|x64.Build.0 = Release|x64
		{012ACEB1-1F86-4578-86A2-B6741334464A}.Release|x86.ActiveCfg = Release|x86
		{012ACEB1-1F86-4578-86A2-B6741334464A}.Release|x86.Build.0 = Release|x86
		{8C3E000A-7C1E-4380-BB66-FD126BD2C378}.Debug|Any CPU.ActiveCfg = Debug|Any CPU
		{8C3E000A-7C1E-4380-BB66-FD126BD2C378}.Debug|Any CPU.Build.0 = Debug|Any CPU
		{8C3E000A-7C1E-4380-BB66-FD126BD2C378}.Debug|x64.ActiveCfg = Debug|x64
		{8C3E000A-7C1E-4380-BB66-FD126BD2C378}.Debug|x64.Build.0 = Debug|x64
		{8C3E000A-7C1E-4380-BB66-FD126BD2C378}.Debug|x86.ActiveCfg = Debug|x86
		{8C3E000A-7C1E-4380-BB66-FD126BD2C378}.Debug|x86.Build.0 = Debug|x86
		{8C3E000A-7C1E-4380-BB66-FD126BD2C378}.Release|Any CPU.ActiveCfg = Release|Any CPU
		{8C3E000A-7C1E-4380-BB66-FD126BD2C378}.Release|Any CPU.Build.0 = Release|Any CPU
		{8C3E000A-7C1E-4380-BB66-FD126BD2C378}.Release|x64.ActiveCfg = Release|x64
		{8C3E000A-7C1E-4380-BB66-FD126BD2C378}.Release|x64.Build.0 = Release|x64
		{8C3E000A-7C1E-4380-BB66-FD126BD2C378}.Release|x86.ActiveCfg = Release|x86
		{8C3E000A-7C1E-4380-BB66-FD126BD2C378}.Release|x86.Build.0 = Release|x86
		{EC594720-7A36-4449-9BBA-602A82F87B14}.Debug|Any CPU.ActiveCfg = Debug|Any CPU
		{EC594720-7A36-4449-9BBA-602A82F87B14}.Debug|Any CPU.Build.0 = Debug|Any CPU
		{EC594720-7A36-4449-9BBA-602A82F87B14}.Debug|x64.ActiveCfg = Debug|x64
		{EC594720-7A36-4449-9BBA-602A82F87B14}.Debug|x64.Build.0 = Debug|x64
		{EC594720-7A36-4449-9BBA-602A82F87B14}.Debug|x86.ActiveCfg = Debug|x86
		{EC594720-7A36-4449-9BBA-602A82F87B14}.Debug|x86.Build.0 = Debug|x86
		{EC594720-7A36-4449-9BBA-602A82F87B14}.Release|Any CPU.ActiveCfg = Release|Any CPU
		{EC594720-7A36-4449-9BBA-602A82F87B14}.Release|Any CPU.Build.0 = Release|Any CPU
		{EC594720-7A36-4449-9BBA-602A82F87B14}.Release|x64.ActiveCfg = Release|x64
		{EC594720-7A36-4449-9BBA-602A82F87B14}.Release|x64.Build.0 = Release|x64
		{EC594720-7A36-4449-9BBA-602A82F87B14}.Release|x86.ActiveCfg = Release|x86
		{EC594720-7A36-4449-9BBA-602A82F87B14}.Release|x86.Build.0 = Release|x86
	EndGlobalSection
	GlobalSection(SolutionProperties) = preSolution
		HideSolutionNode = FALSE
	EndGlobalSection
	GlobalSection(NestedProjects) = preSolution
		{E860804D-B1EF-418F-B7FF-77426DED9329} = {96C4B6A3-C431-4282-B8BE-2DBBB2457ABF}
		{6365851C-02CC-4073-B5F5-7BF2649BAFD5} = {96C4B6A3-C431-4282-B8BE-2DBBB2457ABF}
		{FBA2F888-8A0B-4F6A-A6A0-C0BEFA3CC43B} = {96C4B6A3-C431-4282-B8BE-2DBBB2457ABF}
		{B91EF790-613E-432C-9995-D7090A2E2070} = {96C4B6A3-C431-4282-B8BE-2DBBB2457ABF}
		{515D122A-2FCB-406E-BFA8-1B9A442EACE2} = {96C4B6A3-C431-4282-B8BE-2DBBB2457ABF}
		{012ACEB1-1F86-4578-86A2-B6741334464A} = {96C4B6A3-C431-4282-B8BE-2DBBB2457ABF}
		{8C3E000A-7C1E-4380-BB66-FD126BD2C378} = {96C4B6A3-C431-4282-B8BE-2DBBB2457ABF}
		{EC594720-7A36-4449-9BBA-602A82F87B14} = {96C4B6A3-C431-4282-B8BE-2DBBB2457ABF}
	EndGlobalSection
EndGlobal
