
Microsoft Visual Studio Solution File, Format Version 12.00
# Visual Studio 15
VisualStudioVersion = 15.0.26127.0
MinimumVisualStudioVersion = 10.0.40219.1
Project("{2150E333-8FDC-42A3-9474-1A3956D46DE8}") = "Feedback", "Feedback", "{55E582C5-A24D-49C6-B37B-C8017BAA1B2D}"
EndProject
Project("{2150E333-8FDC-42A3-9474-1A3956D46DE8}") = "Rides", "Rides", "{6DD3A282-E59F-4967-9037-9184A623B333}"
EndProject
Project("{2150E333-8FDC-42A3-9474-1A3956D46DE8}") = "Events", "Events", "{358BE8F8-90ED-4F28-8AC3-5485039470D1}"
EndProject
Project("{2150E333-8FDC-42A3-9474-1A3956D46DE8}") = "Profiles", "Profiles", "{6E055785-8A9F-4F22-8214-1960F9E89C22}"
EndProject
Project("{9A19103F-16F7-4668-BE54-9A1E7A4F7556}") = "BikeSharing.Services.Events", "src\BikeSharing.Services.Events\BikeSharing.Services.Events.csproj", "{E1C028D9-F291-432F-9FE6-CCE978EB3D92}"
EndProject
Project("{9A19103F-16F7-4668-BE54-9A1E7A4F7556}") = "BikeSharing.Services.Core", "src\BikeSharing.Services.Core\BikeSharing.Services.Core.csproj", "{A3DF7531-915C-4102-8BEF-D42C5E5328F9}"
EndProject
Project("{9A19103F-16F7-4668-BE54-9A1E7A4F7556}") = "BikeSharing.Services.Profiles", "src\BikeSharing.Services.Profiles\BikeSharing.Services.Profiles.csproj", "{77D4C171-058F-4CD5-83D8-9B73BB899165}"
EndProject
Project("{9A19103F-16F7-4668-BE54-9A1E7A4F7556}") = "BikeSharing.Services.Feedback", "src\BikeSharing.Services.Feedback\BikeSharing.Services.Feedback.csproj", "{00CDF431-A1C7-4DD9-AF1D-98BB97B8416D}"
EndProject
Project("{9092AA53-FB77-4645-B42D-1CCCA6BD08BD}") = "BikeSharing.Services.Rides", "src\BikeSharing.Services.Rides\BikeSharing.Services.Rides.njsproj", "{E860804D-B1EF-418F-B7FF-77426DED9329}"
EndProject
Project("{9A19103F-16F7-4668-BE54-9A1E7A4F7556}") = "BikeSharing.Services.Profiles.Models", "src\BikeSharing.Services.Profiles.Models\BikeSharing.Services.Profiles.Models.csproj", "{7E1A44A2-5F13-490C-AD7E-8D0FEE794196}"
EndProject
Project("{9A19103F-16F7-4668-BE54-9A1E7A4F7556}") = "BikeSharing.Services.Events.Models", "src\BikeSharing.Services.Events.Models\BikeSharing.Services.Events.Models.csproj", "{7DBDAC2B-7E7E-4624-81CF-C20F2F9CE107}"
EndProject
Project("{9A19103F-16F7-4668-BE54-9A1E7A4F7556}") = "BikeSharing.Services.Security", "src\BikeSharing.Services.Security\BikeSharing.Services.Security.csproj", "{25F3477F-541E-41CD-8266-14FD2ED00429}"
EndProject
Project("{00D1A9C2-B5F0-4AF3-8072-F6C62B433612}") = "BikeSharing.Services.Events.Database", "src\BikeSharing.Services.Events.Database\BikeSharing.Services.Events.Database.sqlproj", "{4D24111F-8631-4E89-94B9-5E96CDD486AA}"
EndProject
Project("{00D1A9C2-B5F0-4AF3-8072-F6C62B433612}") = "BikeSharing.Services.Feedback.Database", "src\BikeSharing.Services.Feedback.Database\BikeSharing.Services.Feedback.Database.sqlproj", "{772E1B6A-DB5C-4D29-9745-5B3F4AB2F284}"
EndProject
Project("{00D1A9C2-B5F0-4AF3-8072-F6C62B433612}") = "BikeSharing.Services.Rides.Database", "src\BikeSharing.Services.Rides.Database\BikeSharing.Services.Rides.Database.sqlproj", "{19258A6A-B353-4992-90E2-35C5B44D9ACE}"
EndProject
Project("{00D1A9C2-B5F0-4AF3-8072-F6C62B433612}") = "BikeSharing.Services.Profiles.Database", "src\BikeSharing.Services.Profiles.Database\BikeSharing.Services.Profiles.Database.sqlproj", "{806BA3B3-00C2-4B15-BEF5-A55971DC92BC}"
EndProject
Global
	GlobalSection(SolutionConfigurationPlatforms) = preSolution
		Debug|Any CPU = Debug|Any CPU
		Release|Any CPU = Release|Any CPU
	EndGlobalSection
	GlobalSection(ProjectConfigurationPlatforms) = postSolution
		{E1C028D9-F291-432F-9FE6-CCE978EB3D92}.Debug|Any CPU.ActiveCfg = Debug|Any CPU
		{E1C028D9-F291-432F-9FE6-CCE978EB3D92}.Debug|Any CPU.Build.0 = Debug|Any CPU
		{E1C028D9-F291-432F-9FE6-CCE978EB3D92}.Release|Any CPU.ActiveCfg = Release|Any CPU
		{E1C028D9-F291-432F-9FE6-CCE978EB3D92}.Release|Any CPU.Build.0 = Release|Any CPU
		{A3DF7531-915C-4102-8BEF-D42C5E5328F9}.Debug|Any CPU.ActiveCfg = Debug|Any CPU
		{A3DF7531-915C-4102-8BEF-D42C5E5328F9}.Debug|Any CPU.Build.0 = Debug|Any CPU
		{A3DF7531-915C-4102-8BEF-D42C5E5328F9}.Release|Any CPU.ActiveCfg = Release|Any CPU
		{A3DF7531-915C-4102-8BEF-D42C5E5328F9}.Release|Any CPU.Build.0 = Release|Any CPU
		{77D4C171-058F-4CD5-83D8-9B73BB899165}.Debug|Any CPU.ActiveCfg = Debug|Any CPU
		{77D4C171-058F-4CD5-83D8-9B73BB899165}.Debug|Any CPU.Build.0 = Debug|Any CPU
		{77D4C171-058F-4CD5-83D8-9B73BB899165}.Release|Any CPU.ActiveCfg = Release|Any CPU
		{77D4C171-058F-4CD5-83D8-9B73BB899165}.Release|Any CPU.Build.0 = Release|Any CPU
		{00CDF431-A1C7-4DD9-AF1D-98BB97B8416D}.Debug|Any CPU.ActiveCfg = Debug|Any CPU
		{00CDF431-A1C7-4DD9-AF1D-98BB97B8416D}.Debug|Any CPU.Build.0 = Debug|Any CPU
		{00CDF431-A1C7-4DD9-AF1D-98BB97B8416D}.Release|Any CPU.ActiveCfg = Release|Any CPU
		{00CDF431-A1C7-4DD9-AF1D-98BB97B8416D}.Release|Any CPU.Build.0 = Release|Any CPU
		{E860804D-B1EF-418F-B7FF-77426DED9329}.Debug|Any CPU.ActiveCfg = Debug|Any CPU
		{E860804D-B1EF-418F-B7FF-77426DED9329}.Debug|Any CPU.Build.0 = Debug|Any CPU
		{E860804D-B1EF-418F-B7FF-77426DED9329}.Release|Any CPU.ActiveCfg = Release|Any CPU
		{E860804D-B1EF-418F-B7FF-77426DED9329}.Release|Any CPU.Build.0 = Release|Any CPU
		{7E1A44A2-5F13-490C-AD7E-8D0FEE794196}.Debug|Any CPU.ActiveCfg = Debug|Any CPU
		{7E1A44A2-5F13-490C-AD7E-8D0FEE794196}.Debug|Any CPU.Build.0 = Debug|Any CPU
		{7E1A44A2-5F13-490C-AD7E-8D0FEE794196}.Release|Any CPU.ActiveCfg = Release|Any CPU
		{7E1A44A2-5F13-490C-AD7E-8D0FEE794196}.Release|Any CPU.Build.0 = Release|Any CPU
		{7DBDAC2B-7E7E-4624-81CF-C20F2F9CE107}.Debug|Any CPU.ActiveCfg = Debug|Any CPU
		{7DBDAC2B-7E7E-4624-81CF-C20F2F9CE107}.Debug|Any CPU.Build.0 = Debug|Any CPU
		{7DBDAC2B-7E7E-4624-81CF-C20F2F9CE107}.Release|Any CPU.ActiveCfg = Release|Any CPU
		{7DBDAC2B-7E7E-4624-81CF-C20F2F9CE107}.Release|Any CPU.Build.0 = Release|Any CPU
		{25F3477F-541E-41CD-8266-14FD2ED00429}.Debug|Any CPU.ActiveCfg = Debug|Any CPU
		{25F3477F-541E-41CD-8266-14FD2ED00429}.Debug|Any CPU.Build.0 = Debug|Any CPU
		{25F3477F-541E-41CD-8266-14FD2ED00429}.Release|Any CPU.ActiveCfg = Release|Any CPU
		{25F3477F-541E-41CD-8266-14FD2ED00429}.Release|Any CPU.Build.0 = Release|Any CPU
		{4D24111F-8631-4E89-94B9-5E96CDD486AA}.Debug|Any CPU.ActiveCfg = Debug|Any CPU
		{4D24111F-8631-4E89-94B9-5E96CDD486AA}.Debug|Any CPU.Build.0 = Debug|Any CPU
		{4D24111F-8631-4E89-94B9-5E96CDD486AA}.Debug|Any CPU.Deploy.0 = Debug|Any CPU
		{4D24111F-8631-4E89-94B9-5E96CDD486AA}.Release|Any CPU.ActiveCfg = Release|Any CPU
		{4D24111F-8631-4E89-94B9-5E96CDD486AA}.Release|Any CPU.Build.0 = Release|Any CPU
		{4D24111F-8631-4E89-94B9-5E96CDD486AA}.Release|Any CPU.Deploy.0 = Release|Any CPU
		{772E1B6A-DB5C-4D29-9745-5B3F4AB2F284}.Debug|Any CPU.ActiveCfg = Debug|Any CPU
		{772E1B6A-DB5C-4D29-9745-5B3F4AB2F284}.Debug|Any CPU.Build.0 = Debug|Any CPU
		{772E1B6A-DB5C-4D29-9745-5B3F4AB2F284}.Debug|Any CPU.Deploy.0 = Debug|Any CPU
		{772E1B6A-DB5C-4D29-9745-5B3F4AB2F284}.Release|Any CPU.ActiveCfg = Release|Any CPU
		{772E1B6A-DB5C-4D29-9745-5B3F4AB2F284}.Release|Any CPU.Build.0 = Release|Any CPU
		{772E1B6A-DB5C-4D29-9745-5B3F4AB2F284}.Release|Any CPU.Deploy.0 = Release|Any CPU
		{19258A6A-B353-4992-90E2-35C5B44D9ACE}.Debug|Any CPU.ActiveCfg = Debug|Any CPU
		{19258A6A-B353-4992-90E2-35C5B44D9ACE}.Debug|Any CPU.Build.0 = Debug|Any CPU
		{19258A6A-B353-4992-90E2-35C5B44D9ACE}.Debug|Any CPU.Deploy.0 = Debug|Any CPU
		{19258A6A-B353-4992-90E2-35C5B44D9ACE}.Release|Any CPU.ActiveCfg = Release|Any CPU
		{19258A6A-B353-4992-90E2-35C5B44D9ACE}.Release|Any CPU.Build.0 = Release|Any CPU
		{19258A6A-B353-4992-90E2-35C5B44D9ACE}.Release|Any CPU.Deploy.0 = Release|Any CPU
		{806BA3B3-00C2-4B15-BEF5-A55971DC92BC}.Debug|Any CPU.ActiveCfg = Debug|Any CPU
		{806BA3B3-00C2-4B15-BEF5-A55971DC92BC}.Debug|Any CPU.Build.0 = Debug|Any CPU
		{806BA3B3-00C2-4B15-BEF5-A55971DC92BC}.Debug|Any CPU.Deploy.0 = Debug|Any CPU
		{806BA3B3-00C2-4B15-BEF5-A55971DC92BC}.Release|Any CPU.ActiveCfg = Release|Any CPU
		{806BA3B3-00C2-4B15-BEF5-A55971DC92BC}.Release|Any CPU.Build.0 = Release|Any CPU
		{806BA3B3-00C2-4B15-BEF5-A55971DC92BC}.Release|Any CPU.Deploy.0 = Release|Any CPU
	EndGlobalSection
	GlobalSection(SolutionProperties) = preSolution
		HideSolutionNode = FALSE
	EndGlobalSection
	GlobalSection(NestedProjects) = preSolution
		{E1C028D9-F291-432F-9FE6-CCE978EB3D92} = {358BE8F8-90ED-4F28-8AC3-5485039470D1}
		{77D4C171-058F-4CD5-83D8-9B73BB899165} = {6E055785-8A9F-4F22-8214-1960F9E89C22}
		{00CDF431-A1C7-4DD9-AF1D-98BB97B8416D} = {55E582C5-A24D-49C6-B37B-C8017BAA1B2D}
		{E860804D-B1EF-418F-B7FF-77426DED9329} = {6DD3A282-E59F-4967-9037-9184A623B333}
		{7E1A44A2-5F13-490C-AD7E-8D0FEE794196} = {6E055785-8A9F-4F22-8214-1960F9E89C22}
		{7DBDAC2B-7E7E-4624-81CF-C20F2F9CE107} = {55E582C5-A24D-49C6-B37B-C8017BAA1B2D}
		{4D24111F-8631-4E89-94B9-5E96CDD486AA} = {358BE8F8-90ED-4F28-8AC3-5485039470D1}
		{772E1B6A-DB5C-4D29-9745-5B3F4AB2F284} = {55E582C5-A24D-49C6-B37B-C8017BAA1B2D}
		{19258A6A-B353-4992-90E2-35C5B44D9ACE} = {6DD3A282-E59F-4967-9037-9184A623B333}
		{806BA3B3-00C2-4B15-BEF5-A55971DC92BC} = {6E055785-8A9F-4F22-8214-1960F9E89C22}
	EndGlobalSection
EndGlobal
