
Microsoft Visual Studio Solution File, Format Version 12.00
# Visual Studio 15
VisualStudioVersion = 15.0.25928.0
MinimumVisualStudioVersion = 10.0.40219.1
Project("{2150E333-8FDC-42A3-9474-1A3956D46DE8}") = "Feedback", "Feedback", "{55E582C5-A24D-49C6-B37B-C8017BAA1B2D}"
EndProject
Project("{2150E333-8FDC-42A3-9474-1A3956D46DE8}") = "Rides", "Rides", "{6DD3A282-E59F-4967-9037-9184A623B333}"
EndProject
Project("{2150E333-8FDC-42A3-9474-1A3956D46DE8}") = "Events", "Events", "{358BE8F8-90ED-4F28-8AC3-5485039470D1}"
EndProject
Project("{2150E333-8FDC-42A3-9474-1A3956D46DE8}") = "Profiles", "Profiles", "{6E055785-8A9F-4F22-8214-1960F9E89C22}"
EndProject
Project("{9092AA53-FB77-4645-B42D-1CCCA6BD08BD}") = "BikeSharing.Services.Rides", "src\BikeSharing.Services.Rides\BikeSharing.Services.Rides.njsproj", "{E860804D-B1EF-418F-B7FF-77426DED9329}"
EndProject
Project("{00D1A9C2-B5F0-4AF3-8072-F6C62B433612}") = "BikeSharing.Services.Events.Database", "src\BikeSharing.Services.Events.Database\BikeSharing.Services.Events.Database.sqlproj", "{4D24111F-8631-4E89-94B9-5E96CDD486AA}"
EndProject
Project("{00D1A9C2-B5F0-4AF3-8072-F6C62B433612}") = "BikeSharing.Services.Feedback.Database", "src\BikeSharing.Services.Feedback.Database\BikeSharing.Services.Feedback.Database.sqlproj", "{772E1B6A-DB5C-4D29-9745-5B3F4AB2F284}"
EndProject
Project("{00D1A9C2-B5F0-4AF3-8072-F6C62B433612}") = "BikeSharing.Services.Rides.Database", "src\BikeSharing.Services.Rides.Database\BikeSharing.Services.Rides.Database.sqlproj", "{19258A6A-B353-4992-90E2-35C5B44D9ACE}"
EndProject
Project("{00D1A9C2-B5F0-4AF3-8072-F6C62B433612}") = "BikeSharing.Services.Profiles.Database", "src\BikeSharing.Services.Profiles.Database\BikeSharing.Services.Profiles.Database.sqlproj", "{806BA3B3-00C2-4B15-BEF5-A55971DC92BC}"
EndProject
Project("{9A19103F-16F7-4668-BE54-9A1E7A4F7556}") = "BikeSharing.Services.Events", "src\BikeSharing.Services.Events\BikeSharing.Services.Events.csproj", "{EAC06A38-DF91-4C47-9808-C3ABCA485F98}"
EndProject
Project("{9A19103F-16F7-4668-BE54-9A1E7A4F7556}") = "BikeSharing.Services.Events.Models", "src\BikeSharing.Services.Events.Models\BikeSharing.Services.Events.Models.csproj", "{224D599B-005F-4291-A005-D558F23B62B7}"
EndProject
Project("{9A19103F-16F7-4668-BE54-9A1E7A4F7556}") = "BikeSharing.Services.Feedback", "src\BikeSharing.Services.Feedback\BikeSharing.Services.Feedback.csproj", "{99FB951A-7E71-4F65-ADBB-8E4257478424}"
EndProject
Project("{9A19103F-16F7-4668-BE54-9A1E7A4F7556}") = "BikeSharing.Services.Profiles", "src\BikeSharing.Services.Profiles\BikeSharing.Services.Profiles.csproj", "{E06CFF9E-0CF5-47AB-90A3-607EABD0BBFD}"
EndProject
Project("{9A19103F-16F7-4668-BE54-9A1E7A4F7556}") = "BikeSharing.Services.Profiles.Models", "src\BikeSharing.Services.Profiles.Models\BikeSharing.Services.Profiles.Models.csproj", "{7DD0BE1E-4B4E-4D53-B0FC-1DB5B6553341}"
EndProject
Project("{9A19103F-16F7-4668-BE54-9A1E7A4F7556}") = "BikeSharing.Services.Core", "src\BikeSharing.Services.Core\BikeSharing.Services.Core.csproj", "{F200A548-6C21-401C-B9BC-A69B815531F2}"
EndProject
Project("{9A19103F-16F7-4668-BE54-9A1E7A4F7556}") = "BikeSharing.Services.Security", "src\BikeSharing.Services.Security\BikeSharing.Services.Security.csproj", "{C5F87A10-0B35-4310-A194-C9409E562303}"
EndProject
Project("{2150E333-8FDC-42A3-9474-1A3956D46DE8}") = "Services", "Services", "{E2F7572F-CD41-4009-8E88-3291B0E997DB}"
EndProject
Project("{151D2E53-A2C4-4D7D-83FE-D05416EBD58E}") = "BikeSharing.Services.Deploy", "src\BikeSharing.Services.Deploy\BikeSharing.Services.Deploy.deployproj", "{9E41B1DB-310C-42B7-9400-D1CB43FA1399}"
EndProject
Global
	GlobalSection(SolutionConfigurationPlatforms) = preSolution
		Debug|Any CPU = Debug|Any CPU
		Debug|x64 = Debug|x64
		Debug|x86 = Debug|x86
		Release|Any CPU = Release|Any CPU
		Release|x64 = Release|x64
		Release|x86 = Release|x86
	EndGlobalSection
	GlobalSection(ProjectConfigurationPlatforms) = postSolution
		{E860804D-B1EF-418F-B7FF-77426DED9329}.Debug|Any CPU.ActiveCfg = Debug|Any CPU
		{E860804D-B1EF-418F-B7FF-77426DED9329}.Debug|Any CPU.Build.0 = Debug|Any CPU
		{E860804D-B1EF-418F-B7FF-77426DED9329}.Debug|x64.ActiveCfg = Debug|Any CPU
		{E860804D-B1EF-418F-B7FF-77426DED9329}.Debug|x64.Build.0 = Debug|Any CPU
		{E860804D-B1EF-418F-B7FF-77426DED9329}.Debug|x86.ActiveCfg = Debug|Any CPU
		{E860804D-B1EF-418F-B7FF-77426DED9329}.Debug|x86.Build.0 = Debug|Any CPU
		{E860804D-B1EF-418F-B7FF-77426DED9329}.Release|Any CPU.ActiveCfg = Release|Any CPU
		{E860804D-B1EF-418F-B7FF-77426DED9329}.Release|Any CPU.Build.0 = Release|Any CPU
		{E860804D-B1EF-418F-B7FF-77426DED9329}.Release|x64.ActiveCfg = Release|Any CPU
		{E860804D-B1EF-418F-B7FF-77426DED9329}.Release|x64.Build.0 = Release|Any CPU
		{E860804D-B1EF-418F-B7FF-77426DED9329}.Release|x86.ActiveCfg = Release|Any CPU
		{E860804D-B1EF-418F-B7FF-77426DED9329}.Release|x86.Build.0 = Release|Any CPU
		{4D24111F-8631-4E89-94B9-5E96CDD486AA}.Debug|Any CPU.ActiveCfg = Debug|Any CPU
		{4D24111F-8631-4E89-94B9-5E96CDD486AA}.Debug|Any CPU.Build.0 = Debug|Any CPU
		{4D24111F-8631-4E89-94B9-5E96CDD486AA}.Debug|Any CPU.Deploy.0 = Debug|Any CPU
		{4D24111F-8631-4E89-94B9-5E96CDD486AA}.Debug|x64.ActiveCfg = Debug|Any CPU
		{4D24111F-8631-4E89-94B9-5E96CDD486AA}.Debug|x64.Build.0 = Debug|Any CPU
		{4D24111F-8631-4E89-94B9-5E96CDD486AA}.Debug|x64.Deploy.0 = Debug|Any CPU
		{4D24111F-8631-4E89-94B9-5E96CDD486AA}.Debug|x86.ActiveCfg = Debug|Any CPU
		{4D24111F-8631-4E89-94B9-5E96CDD486AA}.Debug|x86.Build.0 = Debug|Any CPU
		{4D24111F-8631-4E89-94B9-5E96CDD486AA}.Debug|x86.Deploy.0 = Debug|Any CPU
		{4D24111F-8631-4E89-94B9-5E96CDD486AA}.Release|Any CPU.ActiveCfg = Release|Any CPU
		{4D24111F-8631-4E89-94B9-5E96CDD486AA}.Release|Any CPU.Build.0 = Release|Any CPU
		{4D24111F-8631-4E89-94B9-5E96CDD486AA}.Release|Any CPU.Deploy.0 = Release|Any CPU
		{4D24111F-8631-4E89-94B9-5E96CDD486AA}.Release|x64.ActiveCfg = Release|Any CPU
		{4D24111F-8631-4E89-94B9-5E96CDD486AA}.Release|x64.Build.0 = Release|Any CPU
		{4D24111F-8631-4E89-94B9-5E96CDD486AA}.Release|x64.Deploy.0 = Release|Any CPU
		{4D24111F-8631-4E89-94B9-5E96CDD486AA}.Release|x86.ActiveCfg = Release|Any CPU
		{4D24111F-8631-4E89-94B9-5E96CDD486AA}.Release|x86.Build.0 = Release|Any CPU
		{4D24111F-8631-4E89-94B9-5E96CDD486AA}.Release|x86.Deploy.0 = Release|Any CPU
		{772E1B6A-DB5C-4D29-9745-5B3F4AB2F284}.Debug|Any CPU.ActiveCfg = Debug|Any CPU
		{772E1B6A-DB5C-4D29-9745-5B3F4AB2F284}.Debug|Any CPU.Build.0 = Debug|Any CPU
		{772E1B6A-DB5C-4D29-9745-5B3F4AB2F284}.Debug|Any CPU.Deploy.0 = Debug|Any CPU
		{772E1B6A-DB5C-4D29-9745-5B3F4AB2F284}.Debug|x64.ActiveCfg = Debug|Any CPU
		{772E1B6A-DB5C-4D29-9745-5B3F4AB2F284}.Debug|x64.Build.0 = Debug|Any CPU
		{772E1B6A-DB5C-4D29-9745-5B3F4AB2F284}.Debug|x64.Deploy.0 = Debug|Any CPU
		{772E1B6A-DB5C-4D29-9745-5B3F4AB2F284}.Debug|x86.ActiveCfg = Debug|Any CPU
		{772E1B6A-DB5C-4D29-9745-5B3F4AB2F284}.Debug|x86.Build.0 = Debug|Any CPU
		{772E1B6A-DB5C-4D29-9745-5B3F4AB2F284}.Debug|x86.Deploy.0 = Debug|Any CPU
		{772E1B6A-DB5C-4D29-9745-5B3F4AB2F284}.Release|Any CPU.ActiveCfg = Release|Any CPU
		{772E1B6A-DB5C-4D29-9745-5B3F4AB2F284}.Release|Any CPU.Build.0 = Release|Any CPU
		{772E1B6A-DB5C-4D29-9745-5B3F4AB2F284}.Release|Any CPU.Deploy.0 = Release|Any CPU
		{772E1B6A-DB5C-4D29-9745-5B3F4AB2F284}.Release|x64.ActiveCfg = Release|Any CPU
		{772E1B6A-DB5C-4D29-9745-5B3F4AB2F284}.Release|x64.Build.0 = Release|Any CPU
		{772E1B6A-DB5C-4D29-9745-5B3F4AB2F284}.Release|x64.Deploy.0 = Release|Any CPU
		{772E1B6A-DB5C-4D29-9745-5B3F4AB2F284}.Release|x86.ActiveCfg = Release|Any CPU
		{772E1B6A-DB5C-4D29-9745-5B3F4AB2F284}.Release|x86.Build.0 = Release|Any CPU
		{772E1B6A-DB5C-4D29-9745-5B3F4AB2F284}.Release|x86.Deploy.0 = Release|Any CPU
		{19258A6A-B353-4992-90E2-35C5B44D9ACE}.Debug|Any CPU.ActiveCfg = Debug|Any CPU
		{19258A6A-B353-4992-90E2-35C5B44D9ACE}.Debug|Any CPU.Build.0 = Debug|Any CPU
		{19258A6A-B353-4992-90E2-35C5B44D9ACE}.Debug|Any CPU.Deploy.0 = Debug|Any CPU
		{19258A6A-B353-4992-90E2-35C5B44D9ACE}.Debug|x64.ActiveCfg = Debug|Any CPU
		{19258A6A-B353-4992-90E2-35C5B44D9ACE}.Debug|x64.Build.0 = Debug|Any CPU
		{19258A6A-B353-4992-90E2-35C5B44D9ACE}.Debug|x64.Deploy.0 = Debug|Any CPU
		{19258A6A-B353-4992-90E2-35C5B44D9ACE}.Debug|x86.ActiveCfg = Debug|Any CPU
		{19258A6A-B353-4992-90E2-35C5B44D9ACE}.Debug|x86.Build.0 = Debug|Any CPU
		{19258A6A-B353-4992-90E2-35C5B44D9ACE}.Debug|x86.Deploy.0 = Debug|Any CPU
		{19258A6A-B353-4992-90E2-35C5B44D9ACE}.Release|Any CPU.ActiveCfg = Release|Any CPU
		{19258A6A-B353-4992-90E2-35C5B44D9ACE}.Release|Any CPU.Build.0 = Release|Any CPU
		{19258A6A-B353-4992-90E2-35C5B44D9ACE}.Release|Any CPU.Deploy.0 = Release|Any CPU
		{19258A6A-B353-4992-90E2-35C5B44D9ACE}.Release|x64.ActiveCfg = Release|Any CPU
		{19258A6A-B353-4992-90E2-35C5B44D9ACE}.Release|x64.Build.0 = Release|Any CPU
		{19258A6A-B353-4992-90E2-35C5B44D9ACE}.Release|x64.Deploy.0 = Release|Any CPU
		{19258A6A-B353-4992-90E2-35C5B44D9ACE}.Release|x86.ActiveCfg = Release|Any CPU
		{19258A6A-B353-4992-90E2-35C5B44D9ACE}.Release|x86.Build.0 = Release|Any CPU
		{19258A6A-B353-4992-90E2-35C5B44D9ACE}.Release|x86.Deploy.0 = Release|Any CPU
		{806BA3B3-00C2-4B15-BEF5-A55971DC92BC}.Debug|Any CPU.ActiveCfg = Debug|Any CPU
		{806BA3B3-00C2-4B15-BEF5-A55971DC92BC}.Debug|Any CPU.Build.0 = Debug|Any CPU
		{806BA3B3-00C2-4B15-BEF5-A55971DC92BC}.Debug|Any CPU.Deploy.0 = Debug|Any CPU
		{806BA3B3-00C2-4B15-BEF5-A55971DC92BC}.Debug|x64.ActiveCfg = Debug|Any CPU
		{806BA3B3-00C2-4B15-BEF5-A55971DC92BC}.Debug|x64.Build.0 = Debug|Any CPU
		{806BA3B3-00C2-4B15-BEF5-A55971DC92BC}.Debug|x64.Deploy.0 = Debug|Any CPU
		{806BA3B3-00C2-4B15-BEF5-A55971DC92BC}.Debug|x86.ActiveCfg = Debug|Any CPU
		{806BA3B3-00C2-4B15-BEF5-A55971DC92BC}.Debug|x86.Build.0 = Debug|Any CPU
		{806BA3B3-00C2-4B15-BEF5-A55971DC92BC}.Debug|x86.Deploy.0 = Debug|Any CPU
		{806BA3B3-00C2-4B15-BEF5-A55971DC92BC}.Release|Any CPU.ActiveCfg = Release|Any CPU
		{806BA3B3-00C2-4B15-BEF5-A55971DC92BC}.Release|Any CPU.Build.0 = Release|Any CPU
		{806BA3B3-00C2-4B15-BEF5-A55971DC92BC}.Release|Any CPU.Deploy.0 = Release|Any CPU
		{806BA3B3-00C2-4B15-BEF5-A55971DC92BC}.Release|x64.ActiveCfg = Release|Any CPU
		{806BA3B3-00C2-4B15-BEF5-A55971DC92BC}.Release|x64.Build.0 = Release|Any CPU
		{806BA3B3-00C2-4B15-BEF5-A55971DC92BC}.Release|x64.Deploy.0 = Release|Any CPU
		{806BA3B3-00C2-4B15-BEF5-A55971DC92BC}.Release|x86.ActiveCfg = Release|Any CPU
		{806BA3B3-00C2-4B15-BEF5-A55971DC92BC}.Release|x86.Build.0 = Release|Any CPU
		{806BA3B3-00C2-4B15-BEF5-A55971DC92BC}.Release|x86.Deploy.0 = Release|Any CPU
		{EAC06A38-DF91-4C47-9808-C3ABCA485F98}.Debug|Any CPU.ActiveCfg = Debug|Any CPU
		{EAC06A38-DF91-4C47-9808-C3ABCA485F98}.Debug|Any CPU.Build.0 = Debug|Any CPU
		{EAC06A38-DF91-4C47-9808-C3ABCA485F98}.Debug|x64.ActiveCfg = Debug|x64
		{EAC06A38-DF91-4C47-9808-C3ABCA485F98}.Debug|x64.Build.0 = Debug|x64
		{EAC06A38-DF91-4C47-9808-C3ABCA485F98}.Debug|x86.ActiveCfg = Debug|x86
		{EAC06A38-DF91-4C47-9808-C3ABCA485F98}.Debug|x86.Build.0 = Debug|x86
		{EAC06A38-DF91-4C47-9808-C3ABCA485F98}.Release|Any CPU.ActiveCfg = Release|Any CPU
		{EAC06A38-DF91-4C47-9808-C3ABCA485F98}.Release|Any CPU.Build.0 = Release|Any CPU
		{EAC06A38-DF91-4C47-9808-C3ABCA485F98}.Release|x64.ActiveCfg = Release|x64
		{EAC06A38-DF91-4C47-9808-C3ABCA485F98}.Release|x64.Build.0 = Release|x64
		{EAC06A38-DF91-4C47-9808-C3ABCA485F98}.Release|x86.ActiveCfg = Release|x86
		{EAC06A38-DF91-4C47-9808-C3ABCA485F98}.Release|x86.Build.0 = Release|x86
		{224D599B-005F-4291-A005-D558F23B62B7}.Debug|Any CPU.ActiveCfg = Debug|Any CPU
		{224D599B-005F-4291-A005-D558F23B62B7}.Debug|Any CPU.Build.0 = Debug|Any CPU
		{224D599B-005F-4291-A005-D558F23B62B7}.Debug|x64.ActiveCfg = Debug|x64
		{224D599B-005F-4291-A005-D558F23B62B7}.Debug|x64.Build.0 = Debug|x64
		{224D599B-005F-4291-A005-D558F23B62B7}.Debug|x86.ActiveCfg = Debug|x86
		{224D599B-005F-4291-A005-D558F23B62B7}.Debug|x86.Build.0 = Debug|x86
		{224D599B-005F-4291-A005-D558F23B62B7}.Release|Any CPU.ActiveCfg = Release|Any CPU
		{224D599B-005F-4291-A005-D558F23B62B7}.Release|Any CPU.Build.0 = Release|Any CPU
		{224D599B-005F-4291-A005-D558F23B62B7}.Release|x64.ActiveCfg = Release|x64
		{224D599B-005F-4291-A005-D558F23B62B7}.Release|x64.Build.0 = Release|x64
		{224D599B-005F-4291-A005-D558F23B62B7}.Release|x86.ActiveCfg = Release|x86
		{224D599B-005F-4291-A005-D558F23B62B7}.Release|x86.Build.0 = Release|x86
		{99FB951A-7E71-4F65-ADBB-8E4257478424}.Debug|Any CPU.ActiveCfg = Debug|Any CPU
		{99FB951A-7E71-4F65-ADBB-8E4257478424}.Debug|Any CPU.Build.0 = Debug|Any CPU
		{99FB951A-7E71-4F65-ADBB-8E4257478424}.Debug|x64.ActiveCfg = Debug|x64
		{99FB951A-7E71-4F65-ADBB-8E4257478424}.Debug|x64.Build.0 = Debug|x64
		{99FB951A-7E71-4F65-ADBB-8E4257478424}.Debug|x86.ActiveCfg = Debug|x86
		{99FB951A-7E71-4F65-ADBB-8E4257478424}.Debug|x86.Build.0 = Debug|x86
		{99FB951A-7E71-4F65-ADBB-8E4257478424}.Release|Any CPU.ActiveCfg = Release|Any CPU
		{99FB951A-7E71-4F65-ADBB-8E4257478424}.Release|Any CPU.Build.0 = Release|Any CPU
		{99FB951A-7E71-4F65-ADBB-8E4257478424}.Release|x64.ActiveCfg = Release|x64
		{99FB951A-7E71-4F65-ADBB-8E4257478424}.Release|x64.Build.0 = Release|x64
		{99FB951A-7E71-4F65-ADBB-8E4257478424}.Release|x86.ActiveCfg = Release|x86
		{99FB951A-7E71-4F65-ADBB-8E4257478424}.Release|x86.Build.0 = Release|x86
		{E06CFF9E-0CF5-47AB-90A3-607EABD0BBFD}.Debug|Any CPU.ActiveCfg = Debug|Any CPU
		{E06CFF9E-0CF5-47AB-90A3-607EABD0BBFD}.Debug|Any CPU.Build.0 = Debug|Any CPU
		{E06CFF9E-0CF5-47AB-90A3-607EABD0BBFD}.Debug|x64.ActiveCfg = Debug|x64
		{E06CFF9E-0CF5-47AB-90A3-607EABD0BBFD}.Debug|x64.Build.0 = Debug|x64
		{E06CFF9E-0CF5-47AB-90A3-607EABD0BBFD}.Debug|x86.ActiveCfg = Debug|x86
		{E06CFF9E-0CF5-47AB-90A3-607EABD0BBFD}.Debug|x86.Build.0 = Debug|x86
		{E06CFF9E-0CF5-47AB-90A3-607EABD0BBFD}.Release|Any CPU.ActiveCfg = Release|Any CPU
		{E06CFF9E-0CF5-47AB-90A3-607EABD0BBFD}.Release|Any CPU.Build.0 = Release|Any CPU
		{E06CFF9E-0CF5-47AB-90A3-607EABD0BBFD}.Release|x64.ActiveCfg = Release|x64
		{E06CFF9E-0CF5-47AB-90A3-607EABD0BBFD}.Release|x64.Build.0 = Release|x64
		{E06CFF9E-0CF5-47AB-90A3-607EABD0BBFD}.Release|x86.ActiveCfg = Release|x86
		{E06CFF9E-0CF5-47AB-90A3-607EABD0BBFD}.Release|x86.Build.0 = Release|x86
		{7DD0BE1E-4B4E-4D53-B0FC-1DB5B6553341}.Debug|Any CPU.ActiveCfg = Debug|Any CPU
		{7DD0BE1E-4B4E-4D53-B0FC-1DB5B6553341}.Debug|Any CPU.Build.0 = Debug|Any CPU
		{7DD0BE1E-4B4E-4D53-B0FC-1DB5B6553341}.Debug|x64.ActiveCfg = Debug|x64
		{7DD0BE1E-4B4E-4D53-B0FC-1DB5B6553341}.Debug|x64.Build.0 = Debug|x64
		{7DD0BE1E-4B4E-4D53-B0FC-1DB5B6553341}.Debug|x86.ActiveCfg = Debug|x86
		{7DD0BE1E-4B4E-4D53-B0FC-1DB5B6553341}.Debug|x86.Build.0 = Debug|x86
		{7DD0BE1E-4B4E-4D53-B0FC-1DB5B6553341}.Release|Any CPU.ActiveCfg = Release|Any CPU
		{7DD0BE1E-4B4E-4D53-B0FC-1DB5B6553341}.Release|Any CPU.Build.0 = Release|Any CPU
		{7DD0BE1E-4B4E-4D53-B0FC-1DB5B6553341}.Release|x64.ActiveCfg = Release|x64
		{7DD0BE1E-4B4E-4D53-B0FC-1DB5B6553341}.Release|x64.Build.0 = Release|x64
		{7DD0BE1E-4B4E-4D53-B0FC-1DB5B6553341}.Release|x86.ActiveCfg = Release|x86
		{7DD0BE1E-4B4E-4D53-B0FC-1DB5B6553341}.Release|x86.Build.0 = Release|x86
		{F200A548-6C21-401C-B9BC-A69B815531F2}.Debug|Any CPU.ActiveCfg = Debug|Any CPU
		{F200A548-6C21-401C-B9BC-A69B815531F2}.Debug|Any CPU.Build.0 = Debug|Any CPU
		{F200A548-6C21-401C-B9BC-A69B815531F2}.Debug|x64.ActiveCfg = Debug|x64
		{F200A548-6C21-401C-B9BC-A69B815531F2}.Debug|x64.Build.0 = Debug|x64
		{F200A548-6C21-401C-B9BC-A69B815531F2}.Debug|x86.ActiveCfg = Debug|x86
		{F200A548-6C21-401C-B9BC-A69B815531F2}.Debug|x86.Build.0 = Debug|x86
		{F200A548-6C21-401C-B9BC-A69B815531F2}.Release|Any CPU.ActiveCfg = Release|Any CPU
		{F200A548-6C21-401C-B9BC-A69B815531F2}.Release|Any CPU.Build.0 = Release|Any CPU
		{F200A548-6C21-401C-B9BC-A69B815531F2}.Release|x64.ActiveCfg = Release|x64
		{F200A548-6C21-401C-B9BC-A69B815531F2}.Release|x64.Build.0 = Release|x64
		{F200A548-6C21-401C-B9BC-A69B815531F2}.Release|x86.ActiveCfg = Release|x86
		{F200A548-6C21-401C-B9BC-A69B815531F2}.Release|x86.Build.0 = Release|x86
		{C5F87A10-0B35-4310-A194-C9409E562303}.Debug|Any CPU.ActiveCfg = Debug|Any CPU
		{C5F87A10-0B35-4310-A194-C9409E562303}.Debug|Any CPU.Build.0 = Debug|Any CPU
		{C5F87A10-0B35-4310-A194-C9409E562303}.Debug|x64.ActiveCfg = Debug|x64
		{C5F87A10-0B35-4310-A194-C9409E562303}.Debug|x64.Build.0 = Debug|x64
		{C5F87A10-0B35-4310-A194-C9409E562303}.Debug|x86.ActiveCfg = Debug|x86
		{C5F87A10-0B35-4310-A194-C9409E562303}.Debug|x86.Build.0 = Debug|x86
		{C5F87A10-0B35-4310-A194-C9409E562303}.Release|Any CPU.ActiveCfg = Release|Any CPU
		{C5F87A10-0B35-4310-A194-C9409E562303}.Release|Any CPU.Build.0 = Release|Any CPU
		{C5F87A10-0B35-4310-A194-C9409E562303}.Release|x64.ActiveCfg = Release|x64
		{C5F87A10-0B35-4310-A194-C9409E562303}.Release|x64.Build.0 = Release|x64
		{C5F87A10-0B35-4310-A194-C9409E562303}.Release|x86.ActiveCfg = Release|x86
		{C5F87A10-0B35-4310-A194-C9409E562303}.Release|x86.Build.0 = Release|x86
		{9E41B1DB-310C-42B7-9400-D1CB43FA1399}.Debug|Any CPU.ActiveCfg = Debug|Any CPU
		{9E41B1DB-310C-42B7-9400-D1CB43FA1399}.Debug|Any CPU.Build.0 = Debug|Any CPU
		{9E41B1DB-310C-42B7-9400-D1CB43FA1399}.Debug|x64.ActiveCfg = Debug|Any CPU
		{9E41B1DB-310C-42B7-9400-D1CB43FA1399}.Debug|x64.Build.0 = Debug|Any CPU
		{9E41B1DB-310C-42B7-9400-D1CB43FA1399}.Debug|x86.ActiveCfg = Debug|Any CPU
		{9E41B1DB-310C-42B7-9400-D1CB43FA1399}.Debug|x86.Build.0 = Debug|Any CPU
		{9E41B1DB-310C-42B7-9400-D1CB43FA1399}.Release|Any CPU.ActiveCfg = Release|Any CPU
		{9E41B1DB-310C-42B7-9400-D1CB43FA1399}.Release|Any CPU.Build.0 = Release|Any CPU
		{9E41B1DB-310C-42B7-9400-D1CB43FA1399}.Release|x64.ActiveCfg = Release|Any CPU
		{9E41B1DB-310C-42B7-9400-D1CB43FA1399}.Release|x64.Build.0 = Release|Any CPU
		{9E41B1DB-310C-42B7-9400-D1CB43FA1399}.Release|x86.ActiveCfg = Release|Any CPU
		{9E41B1DB-310C-42B7-9400-D1CB43FA1399}.Release|x86.Build.0 = Release|Any CPU
	EndGlobalSection
	GlobalSection(SolutionProperties) = preSolution
		HideSolutionNode = FALSE
	EndGlobalSection
	GlobalSection(NestedProjects) = preSolution
		{55E582C5-A24D-49C6-B37B-C8017BAA1B2D} = {E2F7572F-CD41-4009-8E88-3291B0E997DB}
		{6DD3A282-E59F-4967-9037-9184A623B333} = {E2F7572F-CD41-4009-8E88-3291B0E997DB}
		{358BE8F8-90ED-4F28-8AC3-5485039470D1} = {E2F7572F-CD41-4009-8E88-3291B0E997DB}
		{6E055785-8A9F-4F22-8214-1960F9E89C22} = {E2F7572F-CD41-4009-8E88-3291B0E997DB}
		{E860804D-B1EF-418F-B7FF-77426DED9329} = {6DD3A282-E59F-4967-9037-9184A623B333}
		{4D24111F-8631-4E89-94B9-5E96CDD486AA} = {358BE8F8-90ED-4F28-8AC3-5485039470D1}
		{772E1B6A-DB5C-4D29-9745-5B3F4AB2F284} = {55E582C5-A24D-49C6-B37B-C8017BAA1B2D}
		{19258A6A-B353-4992-90E2-35C5B44D9ACE} = {6DD3A282-E59F-4967-9037-9184A623B333}
		{806BA3B3-00C2-4B15-BEF5-A55971DC92BC} = {6E055785-8A9F-4F22-8214-1960F9E89C22}
		{EAC06A38-DF91-4C47-9808-C3ABCA485F98} = {358BE8F8-90ED-4F28-8AC3-5485039470D1}
		{224D599B-005F-4291-A005-D558F23B62B7} = {358BE8F8-90ED-4F28-8AC3-5485039470D1}
		{99FB951A-7E71-4F65-ADBB-8E4257478424} = {55E582C5-A24D-49C6-B37B-C8017BAA1B2D}
		{E06CFF9E-0CF5-47AB-90A3-607EABD0BBFD} = {6E055785-8A9F-4F22-8214-1960F9E89C22}
		{7DD0BE1E-4B4E-4D53-B0FC-1DB5B6553341} = {6E055785-8A9F-4F22-8214-1960F9E89C22}
		{F200A548-6C21-401C-B9BC-A69B815531F2} = {E2F7572F-CD41-4009-8E88-3291B0E997DB}
		{C5F87A10-0B35-4310-A194-C9409E562303} = {E2F7572F-CD41-4009-8E88-3291B0E997DB}
	EndGlobalSection
EndGlobal
